{
    "name": "qr-code.test-client",
    "version": "1.0.0",
    "lockfileVersion": 3,
    "requires": true,
    "packages": {
        "": {
            "name": "qr-code.test-client",
            "version": "1.0.0",
            "dependencies": {
                "saml.servercore": "^3.7.0-Dev.12"
            },
            "devDependencies": {
                "typescript": "^5.5.4"
            }
        },
        "node_modules/saml.servercore": {
            "version": "3.7.0-Dev.12",
            "resolved": "https://registry.npmjs.org/saml.servercore/-/saml.servercore-3.7.0-Dev.12.tgz",
            "integrity": "sha512-4zRwdBfjsRliTKUj7IeWlAQCEV1f/63z8PiSwhpiEZBh91DkzmYeS4pwwDNzvXtUVDIro7PU5Wmo2ZczZ68qtg=="
        },
        "node_modules/typescript": {
            "version": "5.5.4",
            "resolved": "https://registry.npmjs.org/typescript/-/typescript-5.5.4.tgz",
            "integrity": "sha512-Mtq29sKDAEYP7aljRgtPOpTvOfbwRWlS6dPRzwjdE+C0R4brX/GUyhHSecbHMFLNBLcJIPt9nl9yG5TZ1weH+Q==",
            "dev": true,
            "bin": {
                "tsc": "bin/tsc",
                "tsserver": "bin/tsserver"
            },
            "engines": {
                "node": ">=14.17"
            }
        }
    }
}
